Microsoft Visual Studio Solution File, Format Version 12.00
# Visual Studio Version 17
VisualStudioVersion = 17.5.2.0
MinimumVisualStudioVersion = 10.0.40219.1
Project("{FAE04EC0-301F-11D3-BF4B-00C04F79EFBC}") = "SignalRNotificationAPI", "SignalRNotificationAPI.csproj", "{5A12E881-3B1E-13E8-1521-4EF84CAD5661}"
EndProject
Global
	GlobalSection(SolutionConfigurationPlatforms) = preSolution
		Debug|Any CPU = Debug|Any CPU
		Release|Any CPU = Release|Any CPU
	EndGlobalSection
	GlobalSection(ProjectConfigurationPlatforms) = postSolution
		{5A12E881-3B1E-13E8-1521-4EF84CAD5661}.Debug|Any CPU.ActiveCfg = Debug|Any CPU
		{5A12E881-3B1E-13E8-1521-4EF84CAD5661}.Debug|Any CPU.Build.0 = Debug|Any CPU
		{5A12E881-3B1E-13E8-1521-4EF84CAD5661}.Release|Any CPU.ActiveCfg = Release|Any CPU
		{5A12E881-3B1E-13E8-1521-4EF84CAD5661}.Release|Any CPU.Build.0 = Release|Any CPU
	EndGlobalSection
	GlobalSection(SolutionProperties) = preSolution
		HideSolutionNode = FALSE
	EndGlobalSection
	GlobalSection(ExtensibilityGlobals) = postSolution
		SolutionGuid = {1827862D-F2C4-4DAE-9888-067CB17E1FC9}
	EndGlobalSection
EndGlobal
